// !$*UTF8*$!
{
	archiveVersion = 1;
	classes = {
	};
	objectVersion = 55;
	objects = {

/* Begin PBXBuildFile section */
		622DDD1527BB75A000444AC6 /* AppDelegate.swift in Sources */ = {isa = PBXBuildFile; fileRef = 622DDD1427BB75A000444AC6 /* AppDelegate.swift */; };
		622DDD1727BB75A000444AC6 /* SceneDelegate.swift in Sources */ = {isa = PBXBuildFile; fileRef = 622DDD1627BB75A000444AC6 /* SceneDelegate.swift */; };
		622DDD1927BB75A000444AC6 /* WeatherViewController.swift in Sources */ = {isa = PBXBuildFile; fileRef = 622DDD1827BB75A000444AC6 /* WeatherViewController.swift */; };
		622DDD1C27BB75A000444AC6 /* Main.storyboard in Resources */ = {isa = PBXBuildFile; fileRef = 622DDD1A27BB75A000444AC6 /* Main.storyboard */; };
		622DDD1E27BB75A500444AC6 /* Assets.xcassets in Resources */ = {isa = PBXBuildFile; fileRef = 622DDD1D27BB75A500444AC6 /* Assets.xcassets */; };
		622DDD2127BB75A500444AC6 /* LaunchScreen.storyboard in Resources */ = {isa = PBXBuildFile; fileRef = 622DDD1F27BB75A500444AC6 /* LaunchScreen.storyboard */; };
		622DDD2B27BCBC4500444AC6 /* WeatherManager.swift in Sources */ = {isa = PBXBuildFile; fileRef = 622DDD2A27BCBC4500444AC6 /* WeatherManager.swift */; };
		622DDD2D27BCBC5C00444AC6 /* WeatherData.swift in Sources */ = {isa = PBXBuildFile; fileRef = 622DDD2C27BCBC5C00444AC6 /* WeatherData.swift */; };
		622DDD2F27BCBC6C00444AC6 /* WeatherModel.swift in Sources */ = {isa = PBXBuildFile; fileRef = 622DDD2E27BCBC6C00444AC6 /* WeatherModel.swift */; };
		622DDD3227BCC9DD00444AC6 /* APIKeys.swift in Sources */ = {isa = PBXBuildFile; fileRef = 622DDD3127BCC9DD00444AC6 /* APIKeys.swift */; };
/* End PBXBuildFile section */

/* Begin PBXFileReference section */
		622DDD1127BB75A000444AC6 /* Rainy.app */ = {isa = PBXFileReference; explicitFileType = wrapper.application; includeInIndex = 0; path = Rainy.app; sourceTree = BUILT_PRODUCTS_DIR; };
		622DDD1427BB75A000444AC6 /* AppDelegate.swift */ = {isa = PBXFileReference; lastKnownFileType = sourcecode.swift; path = AppDelegate.swift; sourceTree = "<group>"; };
		622DDD1627BB75A000444AC6 /* SceneDelegate.swift */ = {isa = PBXFileReference; lastKnownFileType = sourcecode.swift; path = SceneDelegate.swift; sourceTree = "<group>"; };
		622DDD1827BB75A000444AC6 /* WeatherViewController.swift */ = {isa = PBXFileReference; lastKnownFileType = sourcecode.swift; path = WeatherViewController.swift; sourceTree = "<group>"; };
		622DDD1B27BB75A000444AC6 /* Base */ = {isa = PBXFileReference; lastKnownFileType = file.storyboard; name = Base; path = Base.lproj/Main.storyboard; sourceTree = "<group>"; };
		622DDD1D27BB75A500444AC6 /* Assets.xcassets */ = {isa = PBXFileReference; lastKnownFileType = folder.assetcatalog; path = Assets.xcassets; sourceTree = "<group>"; };
		622DDD2027BB75A500444AC6 /* Base */ = {isa = PBXFileReference; lastKnownFileType = file.storyboard; name = Base; path = Base.lproj/LaunchScreen.storyboard; sourceTree = "<group>"; };
		622DDD2227BB75A500444AC6 /* Info.plist */ = {isa = PBXFileReference; lastKnownFileType = text.plist.xml; path = Info.plist; sourceTree = "<group>"; };
		622DDD2A27BCBC4500444AC6 /* WeatherManager.swift */ = {isa = PBXFileReference; lastKnownFileType = sourcecode.swift; path = WeatherManager.swift; sourceTree = "<group>"; };
		622DDD2C27BCBC5C00444AC6 /* WeatherData.swift */ = {isa = PBXFileReference; lastKnownFileType = sourcecode.swift; path = WeatherData.swift; sourceTree = "<group>"; };
		622DDD2E27BCBC6C00444AC6 /* WeatherModel.swift */ = {isa = PBXFileReference; lastKnownFileType = sourcecode.swift; path = WeatherModel.swift; sourceTree = "<group>"; };
		622DDD3127BCC9DD00444AC6 /* APIKeys.swift */ = {isa = PBXFileReference; lastKnownFileType = sourcecode.swift; path = APIKeys.swift; sourceTree = "<group>"; };
/* End PBXFileReference section */

/* Begin PBXFrameworksBuildPhase section */
		622DDD0E27BB75A000444AC6 /* Frameworks */ = {
			isa = PBXFrameworksBuildPhase;
			buildActionMask = 2147483647;
			files = (
			);
			runOnlyForDeploymentPostprocessing = 0;
		};
/* End PBXFrameworksBuildPhase section */

/* Begin PBXGroup section */
		622DDD0827BB75A000444AC6 = {
			isa = PBXGroup;
			children = (
				622DDD1327BB75A000444AC6 /* Rainy */,
				622DDD1227BB75A000444AC6 /* Products */,
			);
			sourceTree = "<group>";
		};
		622DDD1227BB75A000444AC6 /* Products */ = {
			isa = PBXGroup;
			children = (
				622DDD1127BB75A000444AC6 /* Rainy.app */,
			);
			name = Products;
			sourceTree = "<group>";
		};
		622DDD1327BB75A000444AC6 /* Rainy */ = {
			isa = PBXGroup;
			children = (
				622DDD1427BB75A000444AC6 /* AppDelegate.swift */,
				622DDD2827BCB9DF00444AC6 /* Controllers */,
				622DDD1F27BB75A500444AC6 /* LaunchScreen.storyboard */,
				622DDD1A27BB75A000444AC6 /* Main.storyboard */,
				622DDD2927BCBC2200444AC6 /* Models */,
				622DDD3027BCC99E00444AC6 /* Resources */,
				622DDD1627BB75A000444AC6 /* SceneDelegate.swift */,
			);
			path = Rainy;
			sourceTree = "<group>";
		};
		622DDD2827BCB9DF00444AC6 /* Controllers */ = {
			isa = PBXGroup;
			children = (
				622DDD1827BB75A000444AC6 /* WeatherViewController.swift */,
			);
			path = Controllers;
			sourceTree = "<group>";
		};
		622DDD2927BCBC2200444AC6 /* Models */ = {
			isa = PBXGroup;
			children = (
				622DDD2A27BCBC4500444AC6 /* WeatherManager.swift */,
				622DDD2C27BCBC5C00444AC6 /* WeatherData.swift */,
				622DDD2E27BCBC6C00444AC6 /* WeatherModel.swift */,
			);
			path = Models;
			sourceTree = "<group>";
		};
		622DDD3027BCC99E00444AC6 /* Resources */ = {
			isa = PBXGroup;
			children = (
				622DDD2227BB75A500444AC6 /* Info.plist */,
				622DDD1D27BB75A500444AC6 /* Assets.xcassets */,
				622DDD3127BCC9DD00444AC6 /* APIKeys.swift */,
			);
			path = Resources;
			sourceTree = "<group>";
		};
/* End PBXGroup section */

/* Begin PBXNativeTarget section */
		622DDD1027BB75A000444AC6 /* Rainy */ = {
			isa = PBXNativeTarget;
			buildConfigurationList = 622DDD2527BB75A500444AC6 /* Build configuration list for PBXNativeTarget "Rainy" */;
			buildPhases = (
				622DDD0D27BB75A000444AC6 /* Sources */,
				622DDD0E27BB75A000444AC6 /* Frameworks */,
				622DDD0F27BB75A000444AC6 /* Resources */,
			);
			buildRules = (
			);
			dependencies = (
			);
			name = Rainy;
			productName = Rainy;
			productReference = 622DDD1127BB75A000444AC6 /* Rainy.app */;
			productType = "com.apple.product-type.application";
		};
/* End PBXNativeTarget section */

/* Begin PBXProject section */
		622DDD0927BB75A000444AC6 /* Project object */ = {
			isa = PBXProject;
			attributes = {
				BuildIndependentTargetsInParallel = 1;
				LastSwiftUpdateCheck = 1300;
				LastUpgradeCheck = 1300;
				TargetAttributes = {
					622DDD1027BB75A000444AC6 = {
						CreatedOnToolsVersion = 13.0;
					};
				};
			};
			buildConfigurationList = 622DDD0C27BB75A000444AC6 /* Build configuration list for PBXProject "Rainy" */;
			compatibilityVersion = "Xcode 13.0";
			developmentRegion = en;
			hasScannedForEncodings = 0;
			knownRegions = (
				en,
				Base,
			);
			mainGroup = 622DDD0827BB75A000444AC6;
			productRefGroup = 622DDD1227BB75A000444AC6 /* Products */;
			projectDirPath = "";
			projectRoot = "";
			targets = (
				622DDD1027BB75A000444AC6 /* Rainy */,
			);
		};
/* End PBXProject section */

/* Begin PBXResourcesBuildPhase section */
		622DDD0F27BB75A000444AC6 /* Resources */ = {
			isa = PBXResourcesBuildPhase;
			buildActionMask = 2147483647;
			files = (
				622DDD2127BB75A500444AC6 /* LaunchScreen.storyboard in Resources */,
				622DDD1E27BB75A500444AC6 /* Assets.xcassets in Resources */,
				622DDD1C27BB75A000444AC6 /* Main.storyboard in Resources */,
			);
			runOnlyForDeploymentPostprocessing = 0;
		};
/* End PBXResourcesBuildPhase section */

/* Begin PBXSourcesBuildPhase section */
		622DDD0D27BB75A000444AC6 /* Sources */ = {
			isa = PBXSourcesBuildPhase;
			buildActionMask = 2147483647;
			files = (
				622DDD1927BB75A000444AC6 /* WeatherViewController.swift in Sources */,
				622DDD2D27BCBC5C00444AC6 /* WeatherData.swift in Sources */,
				622DDD3227BCC9DD00444AC6 /* APIKeys.swift in Sources */,
				622DDD1527BB75A000444AC6 /* AppDelegate.swift in Sources */,
				622DDD2B27BCBC4500444AC6 /* WeatherManager.swift in Sources */,
				622DDD2F27BCBC6C00444AC6 /* WeatherModel.swift in Sources */,
				622DDD1727BB75A000444AC6 /* SceneDelegate.swift in Sources */,
			);
			runOnlyForDeploymentPostprocessing = 0;
		};
/* End PBXSourcesBuildPhase section */

/* Begin PBXVariantGroup section */
		622DDD1A27BB75A000444AC6 /* Main.storyboard */ = {
			isa = PBXVariantGroup;
			children = (
				622DDD1B27BB75A000444AC6 /* Base */,
			);
			name = Main.storyboard;
			sourceTree = "<group>";
		};
		622DDD1F27BB75A500444AC6 /* LaunchScreen.storyboard */ = {
			isa = PBXVariantGroup;
			children = (
				622DDD2027BB75A500444AC6 /* Base */,
			);
			name = LaunchScreen.storyboard;
			sourceTree = "<group>";
		};
/* End PBXVariantGroup section */

/* Begin XCBuildConfiguration section */
		622DDD2327BB75A500444AC6 /* Debug */ = {
			isa = XCBuildConfiguration;
			buildSettings = {
				ALWAYS_SEARCH_USER_PATHS = NO;
				CLANG_ANALYZER_NONNULL = YES;
				CLANG_ANALYZER_NUMBER_OBJECT_CONVERSION = YES_AGGRESSIVE;
				CLANG_CXX_LANGUAGE_STANDARD = "gnu++17";
				CLANG_CXX_LIBRARY = "libc++";
				CLANG_ENABLE_MODULES = YES;
				CLANG_ENABLE_OBJC_ARC = YES;
				CLANG_ENABLE_OBJC_WEAK = YES;
				CLANG_WARN_BLOCK_CAPTURE_AUTORELEASING = YES;
				CLANG_WARN_BOOL_CONVERSION = YES;
				CLANG_WARN_COMMA = YES;
				CLANG_WARN_CONSTANT_CONVERSION = YES;
				CLANG_WARN_DEPRECATED_OBJC_IMPLEMENTATIONS = YES;
				CLANG_WARN_DIRECT_OBJC_ISA_USAGE = YES_ERROR;
				CLANG_WARN_DOCUMENTATION_COMMENTS = YES;
				CLANG_WARN_EMPTY_BODY = YES;
				CLANG_WARN_ENUM_CONVERSION = YES;
				CLANG_WARN_INFINITE_RECURSION = YES;
				CLANG_WARN_INT_CONVERSION = YES;
				CLANG_WARN_NON_LITERAL_NULL_CONVERSION = YES;
				CLANG_WARN_OBJC_IMPLICIT_RETAIN_SELF = YES;
				CLANG_WARN_OBJC_LITERAL_CONVERSION = YES;
				CLANG_WARN_OBJC_ROOT_CLASS = YES_ERROR;
				CLANG_WARN_QUOTED_INCLUDE_IN_FRAMEWORK_HEADER = YES;
				CLANG_WARN_RANGE_LOOP_ANALYSIS = YES;
				CLANG_WARN_STRICT_PROTOTYPES = YES;
				CLANG_WARN_SUSPICIOUS_MOVE = YES;
				CLANG_WARN_UNGUARDED_AVAILABILITY = YES_AGGRESSIVE;
				CLANG_WARN_UNREACHABLE_CODE = YES;
				CLANG_WARN__DUPLICATE_METHOD_MATCH = YES;
				COPY_PHASE_STRIP = NO;
				DEBUG_INFORMATION_FORMAT = dwarf;
				ENABLE_STRICT_OBJC_MSGSEND = YES;
				ENABLE_TESTABILITY = YES;
				GCC_C_LANGUAGE_STANDARD = gnu11;
				GCC_DYNAMIC_NO_PIC = NO;
				GCC_NO_COMMON_BLOCKS = YES;
				GCC_OPTIMIZATION_LEVEL = 0;
				GCC_PREPROCESSOR_DEFINITIONS = (
					"DEBUG=1",
					"$(inherited)",
				);
				GCC_WARN_64_TO_32_BIT_CONVERSION = YES;
				GCC_WARN_ABOUT_RETURN_TYPE = YES_ERROR;
				GCC_WARN_UNDECLARED_SELECTOR = YES;
				GCC_WARN_UNINITIALIZED_AUTOS = YES_AGGRESSIVE;
				GCC_WARN_UNUSED_FUNCTION = YES;
				GCC_WARN_UNUSED_VARIABLE = YES;
				IPHONEOS_DEPLOYMENT_TARGET = 15.0;
				MTL_ENABLE_DEBUG_INFO = INCLUDE_SOURCE;
				MTL_FAST_MATH = YES;
				ONLY_ACTIVE_ARCH = YES;
				SDKROOT = iphoneos;
				SWIFT_ACTIVE_COMPILATION_CONDITIONS = DEBUG;
				SWIFT_OPTIMIZATION_LEVEL = "-Onone";
			};
			name = Debug;
		};
		622DDD2427BB75A500444AC6 /* Release */ = {
			isa = XCBuildConfiguration;
			buildSettings = {
				ALWAYS_SEARCH_USER_PATHS = NO;
				CLANG_ANALYZER_NONNULL = YES;
				CLANG_ANALYZER_NUMBER_OBJECT_CONVERSION = YES_AGGRESSIVE;
				CLANG_CXX_LANGUAGE_STANDARD = "gnu++17";
				CLANG_CXX_LIBRARY = "libc++";
				CLANG_ENABLE_MODULES = YES;
				CLANG_ENABLE_OBJC_ARC = YES;
				CLANG_ENABLE_OBJC_WEAK = YES;
				CLANG_WARN_BLOCK_CAPTURE_AUTORELEASING = YES;
				CLANG_WARN_BOOL_CONVERSION = YES;
				CLANG_WARN_COMMA = YES;
				CLANG_WARN_CONSTANT_CONVERSION = YES;
				CLANG_WARN_DEPRECATED_OBJC_IMPLEMENTATIONS = YES;
				CLANG_WARN_DIRECT_OBJC_ISA_USAGE = YES_ERROR;
				CLANG_WARN_DOCUMENTATION_COMMENTS = YES;
				CLANG_WARN_EMPTY_BODY = YES;
				CLANG_WARN_ENUM_CONVERSION = YES;
				CLANG_WARN_INFINITE_RECURSION = YES;
				CLANG_WARN_INT_CONVERSION = YES;
				CLANG_WARN_NON_LITERAL_NULL_CONVERSION = YES;
				CLANG_WARN_OBJC_IMPLICIT_RETAIN_SELF = YES;
				CLANG_WARN_OBJC_LITERAL_CONVERSION = YES;
				CLANG_WARN_OBJC_ROOT_CLASS = YES_ERROR;
				CLANG_WARN_QUOTED_INCLUDE_IN_FRAMEWORK_HEADER = YES;
				CLANG_WARN_RANGE_LOOP_ANALYSIS = YES;
				CLANG_WARN_STRICT_PROTOTYPES = YES;
				CLANG_WARN_SUSPICIOUS_MOVE = YES;
				CLANG_WARN_UNGUARDED_AVAILABILITY = YES_AGGRESSIVE;
				CLANG_WARN_UNREACHABLE_CODE = YES;
				CLANG_WARN__DUPLICATE_METHOD_MATCH = YES;
				COPY_PHASE_STRIP = NO;
				DEBUG_INFORMATION_FORMAT = "dwarf-with-dsym";
				ENABLE_NS_ASSERTIONS = NO;
				ENABLE_STRICT_OBJC_MSGSEND = YES;
				GCC_C_LANGUAGE_STANDARD = gnu11;
				GCC_NO_COMMON_BLOCKS = YES;
				GCC_WARN_64_TO_32_BIT_CONVERSION = YES;
				GCC_WARN_ABOUT_RETURN_TYPE = YES_ERROR;
				GCC_WARN_UNDECLARED_SELECTOR = YES;
				GCC_WARN_UNINITIALIZED_AUTOS = YES_AGGRESSIVE;
				GCC_WARN_UNUSED_FUNCTION = YES;
				GCC_WARN_UNUSED_VARIABLE = YES;
				IPHONEOS_DEPLOYMENT_TARGET = 15.0;
				MTL_ENABLE_DEBUG_INFO = NO;
				MTL_FAST_MATH = YES;
				SDKROOT = iphoneos;
				SWIFT_COMPILATION_MODE = wholemodule;
				SWIFT_OPTIMIZATION_LEVEL = "-O";
				VALIDATE_PRODUCT = YES;
			};
			name = Release;
		};
		622DDD2627BB75A500444AC6 /* Debug */ = {
			isa = XCBuildConfiguration;
			buildSettings = {
				ASSETCATALOG_COMPILER_APPICON_NAME = AppIcon;
				ASSETCATALOG_COMPILER_GLOBAL_ACCENT_COLOR_NAME = AccentColor;
				CODE_SIGN_STYLE = Automatic;
				CURRENT_PROJECT_VERSION = 1;
				DEVELOPMENT_TEAM = UTDRNA569G;
				GENERATE_INFOPLIST_FILE = YES;
				INFOPLIST_FILE = Rainy/Resources/Info.plist;
				INFOPLIST_KEY_UIApplicationSupportsIndirectInputEvents = YES;
				INFOPLIST_KEY_UILaunchStoryboardName = LaunchScreen;
				INFOPLIST_KEY_UIMainStoryboardFile = Main;
				INFOPLIST_KEY_UISupportedInterfaceOrientations_iPad = "UIInterfaceOrientationPortrait UIInterfaceOrientationPortraitUpsideDown UIInterfaceOrientationLandscapeLeft UIInterfaceOrientationLandscapeRight";
				INFOPLIST_KEY_UISupportedInterfaceOrientations_iPhone = "UIInterfaceOrientationPortrait UIInterfaceOrientationLandscapeLeft UIInterfaceOrientationLandscapeRight";
				LD_RUNPATH_SEARCH_PATHS = (
					"$(inherited)",
					"@executable_path/Frameworks",
				);
				MARKETING_VERSION = 1.0;
				PRODUCT_BUNDLE_IDENTIFIER = baiaskhat.rainy.Rainy;
				PRODUCT_NAME = "$(TARGET_NAME)";
				SWIFT_EMIT_LOC_STRINGS = YES;
				SWIFT_VERSION = 5.0;
				TARGETED_DEVICE_FAMILY = 1;
			};
			name = Debug;
		};
		622DDD2727BB75A500444AC6 /* Release */ = {
			isa = XCBuildConfiguration;
			buildSettings = {
				ASSETCATALOG_COMPILER_APPICON_NAME = AppIcon;
				ASSETCATALOG_COMPILER_GLOBAL_ACCENT_COLOR_NAME = AccentColor;
				CODE_SIGN_STYLE = Automatic;
				CURRENT_PROJECT_VERSION = 1;
				DEVELOPMENT_TEAM = UTDRNA569G;
				GENERATE_INFOPLIST_FILE = YES;
				INFOPLIST_FILE = Rainy/Resources/Info.plist;
				INFOPLIST_KEY_UIApplicationSupportsIndirectInputEvents = YES;
				INFOPLIST_KEY_UILaunchStoryboardName = LaunchScreen;
				INFOPLIST_KEY_UIMainStoryboardFile = Main;
				INFOPLIST_KEY_UISupportedInterfaceOrientations_iPad = "UIInterfaceOrientationPortrait UIInterfaceOrientationPortraitUpsideDown UIInterfaceOrientationLandscapeLeft UIInterfaceOrientationLandscapeRight";
				INFOPLIST_KEY_UISupportedInterfaceOrientations_iPhone = "UIInterfaceOrientationPortrait UIInterfaceOrientationLandscapeLeft UIInterfaceOrientationLandscapeRight";
				LD_RUNPATH_SEARCH_PATHS = (
					"$(inherited)",
					"@executable_path/Frameworks",
				);
				MARKETING_VERSION = 1.0;
				PRODUCT_BUNDLE_IDENTIFIER = baiaskhat.rainy.Rainy;
				PRODUCT_NAME = "$(TARGET_NAME)";
				SWIFT_EMIT_LOC_STRINGS = YES;
				SWIFT_VERSION = 5.0;
				TARGETED_DEVICE_FAMILY = 1;
			};
			name = Release;
		};
/* End XCBuildConfiguration section */

/* Begin XCConfigurationList section */
		622DDD0C27BB75A000444AC6 /* Build configuration list for PBXProject "Rainy" */ = {
			isa = XCConfigurationList;
			buildConfigurations = (
				622DDD2327BB75A500444AC6 /* Debug */,
				622DDD2427BB75A500444AC6 /* Release */,
			);
			defaultConfigurationIsVisible = 0;
			defaultConfigurationName = Release;
		};
		622DDD2527BB75A500444AC6 /* Build configuration list for PBXNativeTarget "Rainy" */ = {
			isa = XCConfigurationList;
			buildConfigurations = (
				622DDD2627BB75A500444AC6 /* Debug */,
				622DDD2727BB75A500444AC6 /* Release */,
			);
			defaultConfigurationIsVisible = 0;
			defaultConfigurationName = Release;
		};
/* End XCConfigurationList section */
	};
	rootObject = 622DDD0927BB75A000444AC6 /* Project object */;
}
